{
    "_readme": [
        "This file locks the dependencies of your project to a known state",
        "Read more about it at http://getcomposer.org/doc/01-basic-usage.md#composer-lock-the-lock-file",
        "This file is @generated automatically"
    ],
    "hash": "a902258e457414d1a93e03962803063e",
    "packages": [
        {
            "name": "markaf/mpwarfwk",
            "version": "dev-devel",
            "source": {
                "type": "git",
                "url": "https://github.com/markaf/mpwarfwk.git",
                "reference": "2dc0ddf3892010e6eb73d622d1a42fe6c9b97b25"
            },
            "dist": {
                "type": "zip",
                "url": "https://api.github.com/repos/markaf/mpwarfwk/zipball/2dc0ddf3892010e6eb73d622d1a42fe6c9b97b25",
                "reference": "2dc0ddf3892010e6eb73d622d1a42fe6c9b97b25",
                "shasum": ""
            },
            "require": {
                "php": ">=5.6.6",
                "smarty/smarty": "~3.1",
                "symfony/yaml": "~3.0",
                "twig/twig": "~2.0"
            },
            "type": "project",
            "autoload": {
                "psr-4": {
                    "": "src/"
                }
            },
            "license": [
                "Apache-2.0"
            ],
            "description": " MPWAR Framework",
            "homepage": "https://github.com/markaf/mpwarfwk",
            "support": {
                "source": "https://github.com/markaf/mpwarfwk/tree/devel",
                "issues": "https://github.com/markaf/mpwarfwk/issues"
            },
            "time": "2015-03-22 18:31:29"
        },
        {
            "name": "smarty/smarty",
            "version": "dev-master",
            "source": {
                "type": "git",
                "url": "https://github.com/smarty-php/smarty.git",
                "reference": "2a005ac6d6064a76129e411bd9ade0274a481513"
            },
            "dist": {
                "type": "zip",
                "url": "https://api.github.com/repos/smarty-php/smarty/zipball/2a005ac6d6064a76129e411bd9ade0274a481513",
                "reference": "2a005ac6d6064a76129e411bd9ade0274a481513",
                "shasum": ""
            },
            "require": {
                "php": ">=5.2"
            },
            "type": "library",
            "extra": {
                "branch-alias": {
                    "dev-master": "3.1.x-dev"
                }
            },
            "autoload": {
                "classmap": [
                    "libs/Smarty.class.php",
                    "libs/SmartyBC.class.php",
                    "libs/sysplugins/"
                ]
            },
            "notification-url": "https://packagist.org/downloads/",
            "license": [
                "LGPL-3.0"
            ],
            "authors": [
                {
                    "name": "Monte Ohrt",
                    "email": "monte@ohrt.com"
                },
                {
                    "name": "Uwe Tews",
                    "email": "uwe.tews@googlemail.com"
                },
                {
                    "name": "Rodney Rehm",
                    "email": "rodney.rehm@medialize.de"
                }
            ],
            "description": "Smarty - the compiling PHP template engine",
            "homepage": "http://www.smarty.net",
            "keywords": [
                "templating"
            ],
            "time": "2015-03-20 17:25:59"
        },
        {
            "name": "symfony/yaml",
            "version": "dev-master",
            "target-dir": "Symfony/Component/Yaml",
            "source": {
                "type": "git",
                "url": "https://github.com/symfony/Yaml.git",
                "reference": "f6985a14085827f92173b72a7b224dcc448ef3f5"
            },
            "dist": {
                "type": "zip",
                "url": "https://api.github.com/repos/symfony/Yaml/zipball/f6985a14085827f92173b72a7b224dcc448ef3f5",
                "reference": "f6985a14085827f92173b72a7b224dcc448ef3f5",
                "shasum": ""
            },
            "require": {
                "php": ">=5.5.9"
            },
            "require-dev": {
                "symfony/phpunit-bridge": "~2.7|~3.0"
            },
            "type": "library",
            "extra": {
                "branch-alias": {
                    "dev-master": "3.0-dev"
                }
            },
            "autoload": {
                "psr-0": {
                    "Symfony\\Component\\Yaml\\": ""
                }
            },
            "notification-url": "https://packagist.org/downloads/",
            "license": [
                "MIT"
            ],
            "authors": [
                {
                    "name": "Symfony Community",
                    "homepage": "http://symfony.com/contributors"
                },
                {
                    "name": "Fabien Potencier",
                    "email": "fabien@symfony.com"
                }
            ],
            "description": "Symfony Yaml Component",
            "homepage": "http://symfony.com",
            "time": "2015-03-13 10:36:02"
        },
        {
            "name": "twig/twig",
            "version": "dev-master",
            "source": {
                "type": "git",
                "url": "https://github.com/twigphp/Twig.git",
                "reference": "34e943ae7cca8f9aff666fb87c3e6860e18fc138"
            },
            "dist": {
                "type": "zip",
                "url": "https://api.github.com/repos/twigphp/Twig/zipball/34e943ae7cca8f9aff666fb87c3e6860e18fc138",
                "reference": "34e943ae7cca8f9aff666fb87c3e6860e18fc138",
                "shasum": ""
            },
            "require": {
                "php": ">=5.5.0"
            },
            "type": "library",
            "extra": {
                "branch-alias": {
                    "dev-master": "2.0-dev"
                }
            },
            "autoload": {
                "psr-0": {
                    "Twig_": "lib/"
                }
            },
            "notification-url": "https://packagist.org/downloads/",
            "license": [
                "BSD-3-Clause"
            ],
            "authors": [
                {
                    "name": "Fabien Potencier",
                    "email": "fabien@symfony.com",
                    "homepage": "http://fabien.potencier.org",
                    "role": "Lead Developer"
                },
                {
                    "name": "Armin Ronacher",
                    "email": "armin.ronacher@active-4.com",
                    "role": "Project Founder"
                },
                {
                    "name": "Twig Team",
                    "homepage": "http://twig.sensiolabs.org/contributors",
                    "role": "Contributors"
                }
            ],
            "description": "Twig, the flexible, fast, and secure template language for PHP",
            "homepage": "http://twig.sensiolabs.org",
            "keywords": [
                "templating"
            ],
            "time": "2015-03-17 06:32:29"
        }
    ],
    "packages-dev": [],
    "aliases": [],
    "minimum-stability": "dev",
    "stability-flags": {
        "markaf/mpwarfwk": 20
    },
    "prefer-stable": false,
    "prefer-lowest": false,
    "platform": {
        "php": ">=5.6.6"
    },
    "platform-dev": []
}
